
Microsoft Visual Studio Solution File, Format Version 12.00
# Visual Studio Version 16
VisualStudioVersion = 16.0.30011.22
MinimumVisualStudioVersion = 10.0.40219.1
Project("{FAE04EC0-301F-11D3-BF4B-00C04F79EFBC}") = "WindowsFormsApp1", "WindowsFormsApp1.csproj", "{7B656756-8654-4F1B-B050-BC994AC0107F}"
EndProject
Global
	GlobalSection(SolutionConfigurationPlatforms) = preSolution
		Debug|Any CPU = Debug|Any CPU
		Release|Any CPU = Release|Any CPU
	EndGlobalSection
	GlobalSection(ProjectConfigurationPlatforms) = postSolution
		{7B656756-8654-4F1B-B050-BC994AC0107F}.Debug|Any CPU.ActiveCfg = Debug|Any CPU
		{7B656756-8654-4F1B-B050-BC994AC0107F}.Debug|Any CPU.Build.0 = Debug|Any CPU
		{7B656756-8654-4F1B-B050-BC994AC0107F}.Release|Any CPU.ActiveCfg = Release|Any CPU
		{7B656756-8654-4F1B-B050-BC994AC0107F}.Release|Any CPU.Build.0 = Release|Any CPU
	EndGlobalSection
	GlobalSection(SolutionProperties) = preSolution
		HideSolutionNode = FALSE
	EndGlobalSection
	GlobalSection(ExtensibilityGlobals) = postSolution
		SolutionGuid = {F0997243-86CF-48F0-AB4E-26FD883CF843}
	EndGlobalSection
EndGlobal
